
Microsoft Visual Studio Solution File, Format Version 12.00
# Visual Studio Version 16
VisualStudioVersion = 16.0.29709.97
MinimumVisualStudioVersion = 10.0.40219.1
Project("{FAE04EC0-301F-11D3-BF4B-00C04F79EFBC}") = "CashRegisterNew_ZhaoshengLiu", "CashRegister\CashRegisterNew_ZhaoshengLiu.csproj", "{A27A223B-C8B5-4709-B6D5-9D2BFBEC3DCB}"
EndProject
Global
	GlobalSection(SolutionConfigurationPlatforms) = preSolution
		Debug|Any CPU = Debug|Any CPU
		Release|Any CPU = Release|Any CPU
	EndGlobalSection
	GlobalSection(ProjectConfigurationPlatforms) = postSolution
		{A27A223B-C8B5-4709-B6D5-9D2BFBEC3DCB}.Debug|Any CPU.ActiveCfg = Debug|Any CPU
		{A27A223B-C8B5-4709-B6D5-9D2BFBEC3DCB}.Debug|Any CPU.Build.0 = Debug|Any CPU
		{A27A223B-C8B5-4709-B6D5-9D2BFBEC3DCB}.Release|Any CPU.ActiveCfg = Release|Any CPU
		{A27A223B-C8B5-4709-B6D5-9D2BFBEC3DCB}.Release|Any CPU.Build.0 = Release|Any CPU
	EndGlobalSection
	GlobalSection(SolutionProperties) = preSolution
		HideSolutionNode = FALSE
	EndGlobalSection
	GlobalSection(ExtensibilityGlobals) = postSolution
		SolutionGuid = {8D40EB4A-A50F-4825-B16D-AEB0A4FC5232}
	EndGlobalSection
EndGlobal
